// !$*UTF8*$!
{
	archiveVersion = 1;
	classes = {
	};
	objectVersion = 77;
	objects = {

/* Begin PBXBuildFile section */
		FD19AE542CB038B200D4E0FD /* Lottie in Frameworks */ = {isa = PBXBuildFile; productRef = FD19AE532CB038B200D4E0FD /* Lottie */; };
/* End PBXBuildFile section */

/* Begin PBXContainerItemProxy section */
		FD19AE352CB0290200D4E0FD /* PBXContainerItemProxy */ = {
			isa = PBXContainerItemProxy;
			containerPortal = FD19AE162CB028FF00D4E0FD /* Project object */;
			proxyType = 1;
			remoteGlobalIDString = FD19AE1D2CB028FF00D4E0FD;
			remoteInfo = HotDog;
		};
		FD19AE3F2CB0290200D4E0FD /* PBXContainerItemProxy */ = {
			isa = PBXContainerItemProxy;
			containerPortal = FD19AE162CB028FF00D4E0FD /* Project object */;
			proxyType = 1;
			remoteGlobalIDString = FD19AE1D2CB028FF00D4E0FD;
			remoteInfo = HotDog;
		};
/* End PBXContainerItemProxy section */

/* Begin PBXFileReference section */
		FD19AE1E2CB028FF00D4E0FD /* HotDog.app */ = {isa = PBXFileReference; explicitFileType = wrapper.application; includeInIndex = 0; path = HotDog.app; sourceTree = BUILT_PRODUCTS_DIR; };
		FD19AE342CB0290200D4E0FD /* HotDogTests.xctest */ = {isa = PBXFileReference; explicitFileType = wrapper.cfbundle; includeInIndex = 0; path = HotDogTests.xctest; sourceTree = BUILT_PRODUCTS_DIR; };
		FD19AE3E2CB0290200D4E0FD /* HotDogUITests.xctest */ = {isa = PBXFileReference; explicitFileType = wrapper.cfbundle; includeInIndex = 0; path = HotDogUITests.xctest; sourceTree = BUILT_PRODUCTS_DIR; };
/* End PBXFileReference section */

/* Begin PBXFileSystemSynchronizedBuildFileExceptionSet section */
		FD19AE462CB0290200D4E0FD /* Exceptions for "HotDog" folder in "HotDog" target */ = {
			isa = PBXFileSystemSynchronizedBuildFileExceptionSet;
			membershipExceptions = (
				Info.plist,
			);
			target = FD19AE1D2CB028FF00D4E0FD /* HotDog */;
		};
/* End PBXFileSystemSynchronizedBuildFileExceptionSet section */

/* Begin PBXFileSystemSynchronizedRootGroup section */
		FD19AE202CB028FF00D4E0FD /* HotDog */ = {
			isa = PBXFileSystemSynchronizedRootGroup;
			exceptions = (
				FD19AE462CB0290200D4E0FD /* Exceptions for "HotDog" folder in "HotDog" target */,
			);
			path = HotDog;
			sourceTree = "<group>";
		};
		FD19AE372CB0290200D4E0FD /* HotDogTests */ = {
			isa = PBXFileSystemSynchronizedRootGroup;
			path = HotDogTests;
			sourceTree = "<group>";
		};
		FD19AE412CB0290200D4E0FD /* HotDogUITests */ = {
			isa = PBXFileSystemSynchronizedRootGroup;
			path = HotDogUITests;
			sourceTree = "<group>";
		};
/* End PBXFileSystemSynchronizedRootGroup section */

/* Begin PBXFrameworksBuildPhase section */
		FD19AE1B2CB028FF00D4E0FD /* Frameworks */ = {
			isa = PBXFrameworksBuildPhase;
			buildActionMask = 2147483647;
			files = (
				FD19AE542CB038B200D4E0FD /* Lottie in Frameworks */,
			);
			runOnlyForDeploymentPostprocessing = 0;
		};
		FD19AE312CB0290200D4E0FD /* Frameworks */ = {
			isa = PBXFrameworksBuildPhase;
			buildActionMask = 2147483647;
			files = (
			);
			runOnlyForDeploymentPostprocessing = 0;
		};
		FD19AE3B2CB0290200D4E0FD /* Frameworks */ = {
			isa = PBXFrameworksBuildPhase;
			buildActionMask = 2147483647;
			files = (
			);
			runOnlyForDeploymentPostprocessing = 0;
		};
/* End PBXFrameworksBuildPhase section */

/* Begin PBXGroup section */
		FD19AE152CB028FF00D4E0FD = {
			isa = PBXGroup;
			children = (
				FD19AE202CB028FF00D4E0FD /* HotDog */,
				FD19AE372CB0290200D4E0FD /* HotDogTests */,
				FD19AE412CB0290200D4E0FD /* HotDogUITests */,
				FD19AE1F2CB028FF00D4E0FD /* Products */,
			);
			sourceTree = "<group>";
		};
		FD19AE1F2CB028FF00D4E0FD /* Products */ = {
			isa = PBXGroup;
			children = (
				FD19AE1E2CB028FF00D4E0FD /* HotDog.app */,
				FD19AE342CB0290200D4E0FD /* HotDogTests.xctest */,
				FD19AE3E2CB0290200D4E0FD /* HotDogUITests.xctest */,
			);
			name = Products;
			sourceTree = "<group>";
		};
/* End PBXGroup section */

/* Begin PBXNativeTarget section */
		FD19AE1D2CB028FF00D4E0FD /* HotDog */ = {
			isa = PBXNativeTarget;
			buildConfigurationList = FD19AE472CB0290200D4E0FD /* Build configuration list for PBXNativeTarget "HotDog" */;
			buildPhases = (
				FD19AE1A2CB028FF00D4E0FD /* Sources */,
				FD19AE1B2CB028FF00D4E0FD /* Frameworks */,
				FD19AE1C2CB028FF00D4E0FD /* Resources */,
			);
			buildRules = (
			);
			dependencies = (
			);
			fileSystemSynchronizedGroups = (
				FD19AE202CB028FF00D4E0FD /* HotDog */,
			);
			name = HotDog;
			packageProductDependencies = (
				FD19AE532CB038B200D4E0FD /* Lottie */,
			);
			productName = HotDog;
			productReference = FD19AE1E2CB028FF00D4E0FD /* HotDog.app */;
			productType = "com.apple.product-type.application";
		};
		FD19AE332CB0290200D4E0FD /* HotDogTests */ = {
			isa = PBXNativeTarget;
			buildConfigurationList = FD19AE4C2CB0290200D4E0FD /* Build configuration list for PBXNativeTarget "HotDogTests" */;
			buildPhases = (
				FD19AE302CB0290200D4E0FD /* Sources */,
				FD19AE312CB0290200D4E0FD /* Frameworks */,
				FD19AE322CB0290200D4E0FD /* Resources */,
			);
			buildRules = (
			);
			dependencies = (
				FD19AE362CB0290200D4E0FD /* PBXTargetDependency */,
			);
			fileSystemSynchronizedGroups = (
				FD19AE372CB0290200D4E0FD /* HotDogTests */,
			);
			name = HotDogTests;
			packageProductDependencies = (
			);
			productName = HotDogTests;
			productReference = FD19AE342CB0290200D4E0FD /* HotDogTests.xctest */;
			productType = "com.apple.product-type.bundle.unit-test";
		};
		FD19AE3D2CB0290200D4E0FD /* HotDogUITests */ = {
			isa = PBXNativeTarget;
			buildConfigurationList = FD19AE4F2CB0290200D4E0FD /* Build configuration list for PBXNativeTarget "HotDogUITests" */;
			buildPhases = (
				FD19AE3A2CB0290200D4E0FD /* Sources */,
				FD19AE3B2CB0290200D4E0FD /* Frameworks */,
				FD19AE3C2CB0290200D4E0FD /* Resources */,
			);
			buildRules = (
			);
			dependencies = (
				FD19AE402CB0290200D4E0FD /* PBXTargetDependency */,
			);
			fileSystemSynchronizedGroups = (
				FD19AE412CB0290200D4E0FD /* HotDogUITests */,
			);
			name = HotDogUITests;
			packageProductDependencies = (
			);
			productName = HotDogUITests;
			productReference = FD19AE3E2CB0290200D4E0FD /* HotDogUITests.xctest */;
			productType = "com.apple.product-type.bundle.ui-testing";
		};
/* End PBXNativeTarget section */

/* Begin PBXProject section */
		FD19AE162CB028FF00D4E0FD /* Project object */ = {
			isa = PBXProject;
			attributes = {
				BuildIndependentTargetsInParallel = 1;
				LastSwiftUpdateCheck = 1600;
				LastUpgradeCheck = 1600;
				TargetAttributes = {
					FD19AE1D2CB028FF00D4E0FD = {
						CreatedOnToolsVersion = 16.0;
					};
					FD19AE332CB0290200D4E0FD = {
						CreatedOnToolsVersion = 16.0;
						TestTargetID = FD19AE1D2CB028FF00D4E0FD;
					};
					FD19AE3D2CB0290200D4E0FD = {
						CreatedOnToolsVersion = 16.0;
						TestTargetID = FD19AE1D2CB028FF00D4E0FD;
					};
				};
			};
			buildConfigurationList = FD19AE192CB028FF00D4E0FD /* Build configuration list for PBXProject "HotDog" */;
			developmentRegion = en;
			hasScannedForEncodings = 0;
			knownRegions = (
				en,
				Base,
			);
			mainGroup = FD19AE152CB028FF00D4E0FD;
			minimizedProjectReferenceProxies = 1;
			packageReferences = (
				FD19AE522CB038B200D4E0FD /* XCRemoteSwiftPackageReference "lottie-ios" */,
			);
			preferredProjectObjectVersion = 77;
			productRefGroup = FD19AE1F2CB028FF00D4E0FD /* Products */;
			projectDirPath = "";
			projectRoot = "";
			targets = (
				FD19AE1D2CB028FF00D4E0FD /* HotDog */,
				FD19AE332CB0290200D4E0FD /* HotDogTests */,
				FD19AE3D2CB0290200D4E0FD /* HotDogUITests */,
			);
		};
/* End PBXProject section */

/* Begin PBXResourcesBuildPhase section */
		FD19AE1C2CB028FF00D4E0FD /* Resources */ = {
			isa = PBXResourcesBuildPhase;
			buildActionMask = 2147483647;
			files = (
			);
			runOnlyForDeploymentPostprocessing = 0;
		};
		FD19AE322CB0290200D4E0FD /* Resources */ = {
			isa = PBXResourcesBuildPhase;
			buildActionMask = 2147483647;
			files = (
			);
			runOnlyForDeploymentPostprocessing = 0;
		};
		FD19AE3C2CB0290200D4E0FD /* Resources */ = {
			isa = PBXResourcesBuildPhase;
			buildActionMask = 2147483647;
			files = (
			);
			runOnlyForDeploymentPostprocessing = 0;
		};
/* End PBXResourcesBuildPhase section */

/* Begin PBXSourcesBuildPhase section */
		FD19AE1A2CB028FF00D4E0FD /* Sources */ = {
			isa = PBXSourcesBuildPhase;
			buildActionMask = 2147483647;
			files = (
			);
			runOnlyForDeploymentPostprocessing = 0;
		};
		FD19AE302CB0290200D4E0FD /* Sources */ = {
			isa = PBXSourcesBuildPhase;
			buildActionMask = 2147483647;
			files = (
			);
			runOnlyForDeploymentPostprocessing = 0;
		};
		FD19AE3A2CB0290200D4E0FD /* Sources */ = {
			isa = PBXSourcesBuildPhase;
			buildActionMask = 2147483647;
			files = (
			);
			runOnlyForDeploymentPostprocessing = 0;
		};
/* End PBXSourcesBuildPhase section */

/* Begin PBXTargetDependency section */
		FD19AE362CB0290200D4E0FD /* PBXTargetDependency */ = {
			isa = PBXTargetDependency;
			target = FD19AE1D2CB028FF00D4E0FD /* HotDog */;
			targetProxy = FD19AE352CB0290200D4E0FD /* PBXContainerItemProxy */;
		};
		FD19AE402CB0290200D4E0FD /* PBXTargetDependency */ = {
			isa = PBXTargetDependency;
			target = FD19AE1D2CB028FF00D4E0FD /* HotDog */;
			targetProxy = FD19AE3F2CB0290200D4E0FD /* PBXContainerItemProxy */;
		};
/* End PBXTargetDependency section */

/* Begin XCBuildConfiguration section */
		FD19AE482CB0290200D4E0FD /* Debug */ = {
			isa = XCBuildConfiguration;
			buildSettings = {
				ASSETCATALOG_COMPILER_APPICON_NAME = AppIcon;
				ASSETCATALOG_COMPILER_GLOBAL_ACCENT_COLOR_NAME = AccentColor;
				CODE_SIGN_ENTITLEMENTS = HotDog/HotDog.entitlements;
				CODE_SIGN_STYLE = Automatic;
				CURRENT_PROJECT_VERSION = 1;
				DEVELOPMENT_TEAM = 4PPZJJBXTH;
				GENERATE_INFOPLIST_FILE = YES;
				INFOPLIST_FILE = HotDog/Info.plist;
				INFOPLIST_KEY_CFBundleDisplayName = "Hot Dog";
				INFOPLIST_KEY_LSApplicationCategoryType = "public.app-category.healthcare-fitness";
				INFOPLIST_KEY_NSLocationWhenInUseUsageDescription = "We need your location to provide weather updates for walking your dog.";
				INFOPLIST_KEY_UIApplicationSupportsIndirectInputEvents = YES;
				INFOPLIST_KEY_UILaunchStoryboardName = LaunchScreen;
				INFOPLIST_KEY_UIMainStoryboardFile = Main;
				INFOPLIST_KEY_UISupportedInterfaceOrientations = "UIInterfaceOrientationLandscapeLeft UIInterfaceOrientationLandscapeRight UIInterfaceOrientationPortrait";
				INFOPLIST_KEY_UISupportedInterfaceOrientations_iPad = "UIInterfaceOrientationLandscapeLeft UIInterfaceOrientationLandscapeRight UIInterfaceOrientationPortrait UIInterfaceOrientationPortraitUpsideDown";
				LD_RUNPATH_SEARCH_PATHS = (
					"$(inherited)",
					"@executable_path/Frameworks",
				);
				MARKETING_VERSION = 1.0;
				PRODUCT_BUNDLE_IDENTIFIER = com.dcb.HotDog;
				PRODUCT_NAME = "$(TARGET_NAME)";
				SWIFT_EMIT_LOC_STRINGS = YES;
				SWIFT_VERSION = 5.0;
				TARGETED_DEVICE_FAMILY = "1,2";
			};
			name = Debug;
		};
		FD19AE492CB0290200D4E0FD /* Release */ = {
			isa = XCBuildConfiguration;
			buildSettings = {
				ASSETCATALOG_COMPILER_APPICON_NAME = AppIcon;
				ASSETCATALOG_COMPILER_GLOBAL_ACCENT_COLOR_NAME = AccentColor;
				CODE_SIGN_ENTITLEMENTS = HotDog/HotDog.entitlements;
				CODE_SIGN_STYLE = Automatic;
				CURRENT_PROJECT_VERSION = 1;
				DEVELOPMENT_TEAM = 4PPZJJBXTH;
				GENERATE_INFOPLIST_FILE = YES;
				INFOPLIST_FILE = HotDog/Info.plist;
				INFOPLIST_KEY_CFBundleDisplayName = "Hot Dog";
				INFOPLIST_KEY_LSApplicationCategoryType = "public.app-category.healthcare-fitness";
				INFOPLIST_KEY_NSLocationWhenInUseUsageDescription = "We need your location to provide weather updates for walking your dog.";
				INFOPLIST_KEY_UIApplicationSupportsIndirectInputEvents = YES;
				INFOPLIST_KEY_UILaunchStoryboardName = LaunchScreen;
				INFOPLIST_KEY_UIMainStoryboardFile = Main;
				INFOPLIST_KEY_UISupportedInterfaceOrientations = "UIInterfaceOrientationLandscapeLeft UIInterfaceOrientationLandscapeRight UIInterfaceOrientationPortrait";
				INFOPLIST_KEY_UISupportedInterfaceOrientations_iPad = "UIInterfaceOrientationLandscapeLeft UIInterfaceOrientationLandscapeRight UIInterfaceOrientationPortrait UIInterfaceOrientationPortraitUpsideDown";
				LD_RUNPATH_SEARCH_PATHS = (
					"$(inherited)",
					"@executable_path/Frameworks",
				);
				MARKETING_VERSION = 1.0;
				PRODUCT_BUNDLE_IDENTIFIER = com.dcb.HotDog;
				PRODUCT_NAME = "$(TARGET_NAME)";
				SWIFT_EMIT_LOC_STRINGS = YES;
				SWIFT_VERSION = 5.0;
				TARGETED_DEVICE_FAMILY = "1,2";
			};
			name = Release;
		};
		FD19AE4A2CB0290200D4E0FD /* Debug */ = {
			isa = XCBuildConfiguration;
			buildSettings = {
				ALWAYS_SEARCH_USER_PATHS = NO;
				ASSETCATALOG_COMPILER_GENERATE_SWIFT_ASSET_SYMBOL_EXTENSIONS = YES;
				CLANG_ANALYZER_NONNULL = YES;
				CLANG_ANALYZER_NUMBER_OBJECT_CONVERSION = YES_AGGRESSIVE;
				CLANG_CXX_LANGUAGE_STANDARD = "gnu++20";
				CLANG_ENABLE_MODULES = YES;
				CLANG_ENABLE_OBJC_ARC = YES;
				CLANG_ENABLE_OBJC_WEAK = YES;
				CLANG_WARN_BLOCK_CAPTURE_AUTORELEASING = YES;
				CLANG_WARN_BOOL_CONVERSION = YES;
				CLANG_WARN_COMMA = YES;
				CLANG_WARN_CONSTANT_CONVERSION = YES;
				CLANG_WARN_DEPRECATED_OBJC_IMPLEMENTATIONS = YES;
				CLANG_WARN_DIRECT_OBJC_ISA_USAGE = YES_ERROR;
				CLANG_WARN_DOCUMENTATION_COMMENTS = YES;
				CLANG_WARN_EMPTY_BODY = YES;
				CLANG_WARN_ENUM_CONVERSION = YES;
				CLANG_WARN_INFINITE_RECURSION = YES;
				CLANG_WARN_INT_CONVERSION = YES;
				CLANG_WARN_NON_LITERAL_NULL_CONVERSION = YES;
				CLANG_WARN_OBJC_IMPLICIT_RETAIN_SELF = YES;
				CLANG_WARN_OBJC_LITERAL_CONVERSION = YES;
				CLANG_WARN_OBJC_ROOT_CLASS = YES_ERROR;
				CLANG_WARN_QUOTED_INCLUDE_IN_FRAMEWORK_HEADER = YES;
				CLANG_WARN_RANGE_LOOP_ANALYSIS = YES;
				CLANG_WARN_STRICT_PROTOTYPES = YES;
				CLANG_WARN_SUSPICIOUS_MOVE = YES;
				CLANG_WARN_UNGUARDED_AVAILABILITY = YES_AGGRESSIVE;
				CLANG_WARN_UNREACHABLE_CODE = YES;
				CLANG_WARN__DUPLICATE_METHOD_MATCH = YES;
				COPY_PHASE_STRIP = NO;
				DEBUG_INFORMATION_FORMAT = dwarf;
				ENABLE_STRICT_OBJC_MSGSEND = YES;
				ENABLE_TESTABILITY = YES;
				ENABLE_USER_SCRIPT_SANDBOXING = YES;
				GCC_C_LANGUAGE_STANDARD = gnu17;
				GCC_DYNAMIC_NO_PIC = NO;
				GCC_NO_COMMON_BLOCKS = YES;
				GCC_OPTIMIZATION_LEVEL = 0;
				GCC_PREPROCESSOR_DEFINITIONS = (
					"DEBUG=1",
					"$(inherited)",
				);
				GCC_WARN_64_TO_32_BIT_CONVERSION = YES;
				GCC_WARN_ABOUT_RETURN_TYPE = YES_ERROR;
				GCC_WARN_UNDECLARED_SELECTOR = YES;
				GCC_WARN_UNINITIALIZED_AUTOS = YES_AGGRESSIVE;
				GCC_WARN_UNUSED_FUNCTION = YES;
				GCC_WARN_UNUSED_VARIABLE = YES;
				IPHONEOS_DEPLOYMENT_TARGET = 18.0;
				LOCALIZATION_PREFERS_STRING_CATALOGS = YES;
				MTL_ENABLE_DEBUG_INFO = INCLUDE_SOURCE;
				MTL_FAST_MATH = YES;
				ONLY_ACTIVE_ARCH = YES;
				SDKROOT = iphoneos;
				SWIFT_ACTIVE_COMPILATION_CONDITIONS = "DEBUG $(inherited)";
				SWIFT_OPTIMIZATION_LEVEL = "-Onone";
			};
			name = Debug;
		};
		FD19AE4B2CB0290200D4E0FD /* Release */ = {
			isa = XCBuildConfiguration;
			buildSettings = {
				ALWAYS_SEARCH_USER_PATHS = NO;
				ASSETCATALOG_COMPILER_GENERATE_SWIFT_ASSET_SYMBOL_EXTENSIONS = YES;
				CLANG_ANALYZER_NONNULL = YES;
				CLANG_ANALYZER_NUMBER_OBJECT_CONVERSION = YES_AGGRESSIVE;
				CLANG_CXX_LANGUAGE_STANDARD = "gnu++20";
				CLANG_ENABLE_MODULES = YES;
				CLANG_ENABLE_OBJC_ARC = YES;
				CLANG_ENABLE_OBJC_WEAK = YES;
				CLANG_WARN_BLOCK_CAPTURE_AUTORELEASING = YES;
				CLANG_WARN_BOOL_CONVERSION = YES;
				CLANG_WARN_COMMA = YES;
				CLANG_WARN_CONSTANT_CONVERSION = YES;
				CLANG_WARN_DEPRECATED_OBJC_IMPLEMENTATIONS = YES;
				CLANG_WARN_DIRECT_OBJC_ISA_USAGE = YES_ERROR;
				CLANG_WARN_DOCUMENTATION_COMMENTS = YES;
				CLANG_WARN_EMPTY_BODY = YES;
				CLANG_WARN_ENUM_CONVERSION = YES;
				CLANG_WARN_INFINITE_RECURSION = YES;
				CLANG_WARN_INT_CONVERSION = YES;
				CLANG_WARN_NON_LITERAL_NULL_CONVERSION = YES;
				CLANG_WARN_OBJC_IMPLICIT_RETAIN_SELF = YES;
				CLANG_WARN_OBJC_LITERAL_CONVERSION = YES;
				CLANG_WARN_OBJC_ROOT_CLASS = YES_ERROR;
				CLANG_WARN_QUOTED_INCLUDE_IN_FRAMEWORK_HEADER = YES;
				CLANG_WARN_RANGE_LOOP_ANALYSIS = YES;
				CLANG_WARN_STRICT_PROTOTYPES = YES;
				CLANG_WARN_SUSPICIOUS_MOVE = YES;
				CLANG_WARN_UNGUARDED_AVAILABILITY = YES_AGGRESSIVE;
				CLANG_WARN_UNREACHABLE_CODE = YES;
				CLANG_WARN__DUPLICATE_METHOD_MATCH = YES;
				COPY_PHASE_STRIP = NO;
				DEBUG_INFORMATION_FORMAT = "dwarf-with-dsym";
				ENABLE_NS_ASSERTIONS = NO;
				ENABLE_STRICT_OBJC_MSGSEND = YES;
				ENABLE_USER_SCRIPT_SANDBOXING = YES;
				GCC_C_LANGUAGE_STANDARD = gnu17;
				GCC_NO_COMMON_BLOCKS = YES;
				GCC_WARN_64_TO_32_BIT_CONVERSION = YES;
				GCC_WARN_ABOUT_RETURN_TYPE = YES_ERROR;
				GCC_WARN_UNDECLARED_SELECTOR = YES;
				GCC_WARN_UNINITIALIZED_AUTOS = YES_AGGRESSIVE;
				GCC_WARN_UNUSED_FUNCTION = YES;
				GCC_WARN_UNUSED_VARIABLE = YES;
				IPHONEOS_DEPLOYMENT_TARGET = 18.0;
				LOCALIZATION_PREFERS_STRING_CATALOGS = YES;
				MTL_ENABLE_DEBUG_INFO = NO;
				MTL_FAST_MATH = YES;
				SDKROOT = iphoneos;
				SWIFT_COMPILATION_MODE = wholemodule;
				VALIDATE_PRODUCT = YES;
			};
			name = Release;
		};
		FD19AE4D2CB0290200D4E0FD /* Debug */ = {
			isa = XCBuildConfiguration;
			buildSettings = {
				BUNDLE_LOADER = "$(TEST_HOST)";
				CODE_SIGN_STYLE = Automatic;
				CURRENT_PROJECT_VERSION = 1;
				GENERATE_INFOPLIST_FILE = YES;
				IPHONEOS_DEPLOYMENT_TARGET = 18.0;
				MARKETING_VERSION = 1.0;
				PRODUCT_BUNDLE_IDENTIFIER = com.dcb.HotDogTests;
				PRODUCT_NAME = "$(TARGET_NAME)";
				SWIFT_EMIT_LOC_STRINGS = NO;
				SWIFT_VERSION = 5.0;
				TARGETED_DEVICE_FAMILY = "1,2";
				TEST_HOST = "$(BUILT_PRODUCTS_DIR)/HotDog.app/$(BUNDLE_EXECUTABLE_FOLDER_PATH)/HotDog";
			};
			name = Debug;
		};
		FD19AE4E2CB0290200D4E0FD /* Release */ = {
			isa = XCBuildConfiguration;
			buildSettings = {
				BUNDLE_LOADER = "$(TEST_HOST)";
				CODE_SIGN_STYLE = Automatic;
				CURRENT_PROJECT_VERSION = 1;
				GENERATE_INFOPLIST_FILE = YES;
				IPHONEOS_DEPLOYMENT_TARGET = 18.0;
				MARKETING_VERSION = 1.0;
				PRODUCT_BUNDLE_IDENTIFIER = com.dcb.HotDogTests;
				PRODUCT_NAME = "$(TARGET_NAME)";
				SWIFT_EMIT_LOC_STRINGS = NO;
				SWIFT_VERSION = 5.0;
				TARGETED_DEVICE_FAMILY = "1,2";
				TEST_HOST = "$(BUILT_PRODUCTS_DIR)/HotDog.app/$(BUNDLE_EXECUTABLE_FOLDER_PATH)/HotDog";
			};
			name = Release;
		};
		FD19AE502CB0290200D4E0FD /* Debug */ = {
			isa = XCBuildConfiguration;
			buildSettings = {
				CODE_SIGN_STYLE = Automatic;
				CURRENT_PROJECT_VERSION = 1;
				GENERATE_INFOPLIST_FILE = YES;
				MARKETING_VERSION = 1.0;
				PRODUCT_BUNDLE_IDENTIFIER = com.dcb.HotDogUITests;
				PRODUCT_NAME = "$(TARGET_NAME)";
				SWIFT_EMIT_LOC_STRINGS = NO;
				SWIFT_VERSION = 5.0;
				TARGETED_DEVICE_FAMILY = "1,2";
				TEST_TARGET_NAME = HotDog;
			};
			name = Debug;
		};
		FD19AE512CB0290200D4E0FD /* Release */ = {
			isa = XCBuildConfiguration;
			buildSettings = {
				CODE_SIGN_STYLE = Automatic;
				CURRENT_PROJECT_VERSION = 1;
				GENERATE_INFOPLIST_FILE = YES;
				MARKETING_VERSION = 1.0;
				PRODUCT_BUNDLE_IDENTIFIER = com.dcb.HotDogUITests;
				PRODUCT_NAME = "$(TARGET_NAME)";
				SWIFT_EMIT_LOC_STRINGS = NO;
				SWIFT_VERSION = 5.0;
				TARGETED_DEVICE_FAMILY = "1,2";
				TEST_TARGET_NAME = HotDog;
			};
			name = Release;
		};
/* End XCBuildConfiguration section */

/* Begin XCConfigurationList section */
		FD19AE192CB028FF00D4E0FD /* Build configuration list for PBXProject "HotDog" */ = {
			isa = XCConfigurationList;
			buildConfigurations = (
				FD19AE4A2CB0290200D4E0FD /* Debug */,
				FD19AE4B2CB0290200D4E0FD /* Release */,
			);
			defaultConfigurationIsVisible = 0;
			defaultConfigurationName = Release;
		};
		FD19AE472CB0290200D4E0FD /* Build configuration list for PBXNativeTarget "HotDog" */ = {
			isa = XCConfigurationList;
			buildConfigurations = (
				FD19AE482CB0290200D4E0FD /* Debug */,
				FD19AE492CB0290200D4E0FD /* Release */,
			);
			defaultConfigurationIsVisible = 0;
			defaultConfigurationName = Release;
		};
		FD19AE4C2CB0290200D4E0FD /* Build configuration list for PBXNativeTarget "HotDogTests" */ = {
			isa = XCConfigurationList;
			buildConfigurations = (
				FD19AE4D2CB0290200D4E0FD /* Debug */,
				FD19AE4E2CB0290200D4E0FD /* Release */,
			);
			defaultConfigurationIsVisible = 0;
			defaultConfigurationName = Release;
		};
		FD19AE4F2CB0290200D4E0FD /* Build configuration list for PBXNativeTarget "HotDogUITests" */ = {
			isa = XCConfigurationList;
			buildConfigurations = (
				FD19AE502CB0290200D4E0FD /* Debug */,
				FD19AE512CB0290200D4E0FD /* Release */,
			);
			defaultConfigurationIsVisible = 0;
			defaultConfigurationName = Release;
		};
/* End XCConfigurationList section */

/* Begin XCRemoteSwiftPackageReference section */
		FD19AE522CB038B200D4E0FD /* XCRemoteSwiftPackageReference "lottie-ios" */ = {
			isa = XCRemoteSwiftPackageReference;
			repositoryURL = "https://github.com/airbnb/lottie-ios";
			requirement = {
				kind = upToNextMajorVersion;
				minimumVersion = 4.5.0;
			};
		};
/* End XCRemoteSwiftPackageReference section */

/* Begin XCSwiftPackageProductDependency section */
		FD19AE532CB038B200D4E0FD /* Lottie */ = {
			isa = XCSwiftPackageProductDependency;
			package = FD19AE522CB038B200D4E0FD /* XCRemoteSwiftPackageReference "lottie-ios" */;
			productName = Lottie;
		};
/* End XCSwiftPackageProductDependency section */
	};
	rootObject = FD19AE162CB028FF00D4E0FD /* Project object */;
}
